<?xml version="1.0" encoding="utf-8"?>
<Project ToolsVersion="4.0" xmlns="http://schemas.microsoft.com/developer/msbuild/2003">
  <ItemGroup>
    <Filter Include="Source Files">
      <UniqueIdentifier>{4FC737F1-C7A5-4376-A066-2A32D752A2FF}</UniqueIdentifier>
      <Extensions>cpp;c;cc;cxx;c++;cppm;ixx;def;odl;idl;hpj;bat;asm;asmx</Extensions>
    </Filter>
    <Filter Include="Header Files">
      <UniqueIdentifier>{93995380-89BD-4b04-88EB-625FBE52EBFB}</UniqueIdentifier>
      <Extensions>h;hh;hpp;hxx;h++;hm;inl;inc;ipp;xsd</Extensions>
    </Filter>
    <Filter Include="Resource Files">
      <UniqueIdentifier>{67DA6AB6-F800-4c08-8B7A-83BB121AAD01}</UniqueIdentifier>
      <Extensions>rc;ico;cur;bmp;dlg;rc2;rct;bin;rgs;gif;jpg;jpeg;jpe;resx;tiff;tif;png;wav;mfcribbon-ms</Extensions>
    </Filter>
    <Filter Include="Source Files\managers">
      <UniqueIdentifier>{cfd02e0b-0e69-42d7-a728-b8d8e988fe37}</UniqueIdentifier>
    </Filter>
    <Filter Include="Source Files\models">
      <UniqueIdentifier>{1ff5a4c1-1174-4557-aa47-7ba54f082d10}</UniqueIdentifier>
    </Filter>
    <Filter Include="Source Files\crypto">
      <UniqueIdentifier>{0c2186bd-222f-4d5b-8bdb-f7954f8d0933}</UniqueIdentifier>
    </Filter>
    <Filter Include="Source Files\external">
      <UniqueIdentifier>{11ebfb2b-81ba-4ac9-919d-288eb2abc8f9}</UniqueIdentifier>
    </Filter>
    <Filter Include="Source Files\external\sqlite">
      <UniqueIdentifier>{7e09bfa6-80eb-4e1e-b96c-619a2801eec4}</UniqueIdentifier>
    </Filter>
    <Filter Include="Source Files\controllers">
      <UniqueIdentifier>{e4dc5ae5-1aa3-4696-b1a7-cbca27de47cf}</UniqueIdentifier>
    </Filter>
  </ItemGroup>
  <ItemGroup>
    <ClInclude Include="external\sqlite\sqlite3.h">
      <Filter>Source Files\external\sqlite</Filter>
    </ClInclude>
    <ClInclude Include="managers\SessionManager.h">
      <Filter>Source Files\managers</Filter>
    </ClInclude>
    <ClInclude Include="managers\PasswordManager.h">
      <Filter>Source Files\managers</Filter>
    </ClInclude>
    <ClInclude Include="external\sha256.h">
      <Filter>Source Files\external</Filter>
    </ClInclude>
    <ClInclude Include="external\sha256_string.h">
      <Filter>Source Files\external</Filter>
    </ClInclude>
    <ClInclude Include="controllers\AppController.h">
      <Filter>Source Files\controllers</Filter>
    </ClInclude>
    <ClInclude Include="managers\DatabaseManager.h">
      <Filter>Source Files\managers</Filter>
    </ClInclude>
    <ClInclude Include="managers\CryptoManager.h">
      <Filter>Source Files\managers</Filter>
    </ClInclude>
  </ItemGroup>
  <ItemGroup>
    <ClCompile Include="external\sqlite\sqlite3.c">
      <Filter>Source Files\external\sqlite</Filter>
    </ClCompile>
    <ClCompile Include="main.cpp">
      <Filter>Source Files</Filter>
    </ClCompile>
    <ClCompile Include="managers\SessionManager.cpp">
      <Filter>Source Files\managers</Filter>
    </ClCompile>
    <ClCompile Include="managers\PasswordManager.cpp">
      <Filter>Source Files\managers</Filter>
    </ClCompile>
    <ClCompile Include="external\sha256.c">
      <Filter>Source Files\external</Filter>
    </ClCompile>
    <ClCompile Include="external\sha256_string.cpp">
      <Filter>Source Files\external</Filter>
    </ClCompile>
    <ClCompile Include="controllers\AppController.cpp">
      <Filter>Source Files\controllers</Filter>
    </ClCompile>
    <ClCompile Include="managers\DatabaseManager.cpp">
      <Filter>Source Files\managers</Filter>
    </ClCompile>
    <ClCompile Include="managers\CryptoManager.cpp">
      <Filter>Source Files\managers</Filter>
    </ClCompile>
  </ItemGroup>
</Project>